
Microsoft Visual Studio Solution File, Format Version 12.00
# Visual Studio Version 16
VisualStudioVersion = 16.0.30717.126
MinimumVisualStudioVersion = 10.0.40219.1
Project("{FAE04EC0-301F-11D3-BF4B-00C04F79EFBC}") = "DexonApi", "DexonApi\DexonApi.csproj", "{4988C6FD-6549-4451-B440-ACEAA6F64EA3}"
EndProject
Global
	GlobalSection(SolutionConfigurationPlatforms) = preSolution
		Debug|Any CPU = Debug|Any CPU
		Release|Any CPU = Release|Any CPU
	EndGlobalSection
	GlobalSection(ProjectConfigurationPlatforms) = postSolution
		{4988C6FD-6549-4451-B440-ACEAA6F64EA3}.Debug|Any CPU.ActiveCfg = Debug|Any CPU
		{4988C6FD-6549-4451-B440-ACEAA6F64EA3}.Debug|Any CPU.Build.0 = Debug|Any CPU
		{4988C6FD-6549-4451-B440-ACEAA6F64EA3}.Release|Any CPU.ActiveCfg = Release|Any CPU
		{4988C6FD-6549-4451-B440-ACEAA6F64EA3}.Release|Any CPU.Build.0 = Release|Any CPU
	EndGlobalSection
	GlobalSection(SolutionProperties) = preSolution
		HideSolutionNode = FALSE
	EndGlobalSection
	GlobalSection(ExtensibilityGlobals) = postSolution
		SolutionGuid = {97CE4D13-4EFF-4655-A8D2-500E3DA54CB0}
	EndGlobalSection
EndGlobal
